
Microsoft Visual Studio Solution File, Format Version 12.00
# Visual Studio Version 17
VisualStudioVersion = 17.2.32630.192
MinimumVisualStudioVersion = 10.0.40219.1
Project("{9A19103F-16F7-4668-BE54-9A1E7A4F7556}") = "OrderService", "Rebus-simple-project\OrderService.csproj", "{43D9FE0D-472B-445E-83BE-449FD4D9B0E2}"
EndProject
Project("{9A19103F-16F7-4668-BE54-9A1E7A4F7556}") = "EmailService", "EmailService\EmailService.csproj", "{BBD545B1-CFF7-40FE-9E52-4F2662ACCD11}"
EndProject
Project("{9A19103F-16F7-4668-BE54-9A1E7A4F7556}") = "Common", "Common\Common.csproj", "{2694B14D-45D5-47D7-89DD-4B3E382957C7}"
EndProject
Project("{9A19103F-16F7-4668-BE54-9A1E7A4F7556}") = "PaymentService", "PaymentService\PaymentService.csproj", "{047324D4-21AB-4692-840E-74FEA11AE5F1}"
EndProject
Project("{9A19103F-16F7-4668-BE54-9A1E7A4F7556}") = "InventoryService", "Inventory\InventoryService.csproj", "{457E3F64-F2D5-406F-8314-746B8102CB91}"
EndProject
Global
	GlobalSection(SolutionConfigurationPlatforms) = preSolution
		Debug|Any CPU = Debug|Any CPU
		Release|Any CPU = Release|Any CPU
	EndGlobalSection
	GlobalSection(ProjectConfigurationPlatforms) = postSolution
		{43D9FE0D-472B-445E-83BE-449FD4D9B0E2}.Debug|Any CPU.ActiveCfg = Debug|Any CPU
		{43D9FE0D-472B-445E-83BE-449FD4D9B0E2}.Debug|Any CPU.Build.0 = Debug|Any CPU
		{43D9FE0D-472B-445E-83BE-449FD4D9B0E2}.Release|Any CPU.ActiveCfg = Release|Any CPU
		{43D9FE0D-472B-445E-83BE-449FD4D9B0E2}.Release|Any CPU.Build.0 = Release|Any CPU
		{BBD545B1-CFF7-40FE-9E52-4F2662ACCD11}.Debug|Any CPU.ActiveCfg = Debug|Any CPU
		{BBD545B1-CFF7-40FE-9E52-4F2662ACCD11}.Debug|Any CPU.Build.0 = Debug|Any CPU
		{BBD545B1-CFF7-40FE-9E52-4F2662ACCD11}.Release|Any CPU.ActiveCfg = Release|Any CPU
		{BBD545B1-CFF7-40FE-9E52-4F2662ACCD11}.Release|Any CPU.Build.0 = Release|Any CPU
		{2694B14D-45D5-47D7-89DD-4B3E382957C7}.Debug|Any CPU.ActiveCfg = Debug|Any CPU
		{2694B14D-45D5-47D7-89DD-4B3E382957C7}.Debug|Any CPU.Build.0 = Debug|Any CPU
		{2694B14D-45D5-47D7-89DD-4B3E382957C7}.Release|Any CPU.ActiveCfg = Release|Any CPU
		{2694B14D-45D5-47D7-89DD-4B3E382957C7}.Release|Any CPU.Build.0 = Release|Any CPU
		{047324D4-21AB-4692-840E-74FEA11AE5F1}.Debug|Any CPU.ActiveCfg = Debug|Any CPU
		{047324D4-21AB-4692-840E-74FEA11AE5F1}.Debug|Any CPU.Build.0 = Debug|Any CPU
		{047324D4-21AB-4692-840E-74FEA11AE5F1}.Release|Any CPU.ActiveCfg = Release|Any CPU
		{047324D4-21AB-4692-840E-74FEA11AE5F1}.Release|Any CPU.Build.0 = Release|Any CPU
		{457E3F64-F2D5-406F-8314-746B8102CB91}.Debug|Any CPU.ActiveCfg = Debug|Any CPU
		{457E3F64-F2D5-406F-8314-746B8102CB91}.Debug|Any CPU.Build.0 = Debug|Any CPU
		{457E3F64-F2D5-406F-8314-746B8102CB91}.Release|Any CPU.ActiveCfg = Release|Any CPU
		{457E3F64-F2D5-406F-8314-746B8102CB91}.Release|Any CPU.Build.0 = Release|Any CPU
	EndGlobalSection
	GlobalSection(SolutionProperties) = preSolution
		HideSolutionNode = FALSE
	EndGlobalSection
	GlobalSection(ExtensibilityGlobals) = postSolution
		SolutionGuid = {F0B58148-FDF6-4B3E-AC5B-06DE22794197}
	EndGlobalSection
EndGlobal
